{
  "lockfileVersion": 1,
  "configVersion": 0,
  "workspaces": {
    "": {
      "name": "onchain-dnssec",
      "dependencies": {
        "@ensdomains/buffer": "^0.1.2",
        "@ensdomains/dnsprovejs": "^0.5.2",
        "dns-packet": "^5.6.1",
      },
    },
  },
  "packages": {
    "@ensdomains/buffer": ["@ensdomains/buffer@0.1.3", "", {}, "sha512-L/GoCkQFePjSn4DeVnBNfkGdm2CI8UxTxwgQztcZ1L9aHaFefRD+mTUXxtikk946KwwMHRQJDn38wo1IWtEpSg=="],

    "@ensdomains/dnsprovejs": ["@ensdomains/dnsprovejs@0.5.2", "", { "dependencies": { "@noble/hashes": "^1.3.2", "dns-packet": "^5.6.1", "typescript-logging": "^1.0.1" } }, "sha512-lSuYnUvUV+kBviQ82XUldtpiE0lA4gWrCilsoCWbTKtc/fH6re9NaTkhbPEy/7OF96MMAG1BDnuoTsfSMAzFBg=="],

    "@leichtgewicht/ip-codec": ["@leichtgewicht/ip-codec@2.0.5", "", {}, "sha512-Vo+PSpZG2/fmgmiNzYK9qWRh8h/CHrwD0mo1h1DzL4yzHNSfWYujGTYsWGreD000gcgmZ7K4Ys6Tx9TxtsKdDw=="],

    "@noble/hashes": ["@noble/hashes@1.8.0", "", {}, "sha512-jCs9ldd7NwzpgXDIf6P3+NrHh9/sD6CQdxHyjQI+h/6rDNo88ypBxxz45UDuZHz9r3tNz7N/VInSVoVdtXEI4A=="],

    "dns-packet": ["dns-packet@5.6.1", "", { "dependencies": { "@leichtgewicht/ip-codec": "^2.0.1" } }, "sha512-l4gcSouhcgIKRvyy99RNVOgxXiicE+2jZoNmaNmZ6JXiGajBOJAesk1OBlJuM5k2c+eudGdLxDqXuPCKIj6kpw=="],

    "error-stack-parser": ["error-stack-parser@1.3.6", "", { "dependencies": { "stackframe": "^0.3.1" } }, "sha512-xhuSYd8wLgOXwNgjcPeXMPL/IiiA1Huck+OPvClpJViVNNlJVtM41o+1emp7bPvlCJwCatFX2DWc05/DgfbWzA=="],

    "source-map": ["source-map@0.5.6", "", {}, "sha512-MjZkVp0NHr5+TPihLcadqnlVoGIoWo4IBHptutGh9wI3ttUYvCG26HkSuDi+K6lsZ25syXJXcctwgyVCt//xqA=="],

    "stack-generator": ["stack-generator@1.1.0", "", { "dependencies": { "stackframe": "^1.0.2" } }, "sha512-sZDVjwC56vZoo+a5t0LH/1sMQLWYLi/r+Z2ztyCAOhOX3QBP34GWxK0FWf2eU1TIU2CJKCKBAtDZycUh/ZKMlw=="],

    "stackframe": ["stackframe@0.3.1", "", {}, "sha512-XmoiF4T5nuWEp2x2w92WdGjdHGY/cZa6LIbRsDRQR/Xlk4uW0PAUlH1zJYVffocwKpCdwyuypIp25xsSXEtZHw=="],

    "stacktrace-gps": ["stacktrace-gps@2.4.4", "", { "dependencies": { "source-map": "0.5.6", "stackframe": "~0.3" } }, "sha512-msFhuMEEklQLUtaJ+GeCDjzUN+PamfHWQiK3C1LnbHjoxSeF5dAxiE+aJkptNMmMNOropGFJ7G3ZT7dPZHgDaQ=="],

    "stacktrace-js": ["stacktrace-js@1.3.1", "", { "dependencies": { "error-stack-parser": "^1.3.6", "stack-generator": "^1.0.7", "stacktrace-gps": "^2.4.3" } }, "sha512-b+5voFnXqg9TWdOE50soXL+WuOreYUm1Ukg9U7rzEWGL4+gcVxIcFasNBtOffVX0I1lYqVZj0PZXZvTt5e3YRQ=="],

    "typescript-logging": ["typescript-logging@1.0.1", "", { "dependencies": { "stacktrace-js": "1.3.1" } }, "sha512-zp28ABme0m5q/nXabBaY9Hv/35N8lMH4FsvhpUO0zVi4vFs3uKlb5br2it61HAZF5k+U0aP6E67j0VD0IzXGpQ=="],

    "stack-generator/stackframe": ["stackframe@1.3.4", "", {}, "sha512-oeVtt7eWQS+Na6F//S4kJ2K2VbRlS9D43mAlMyVpVWovy9o+jfgH8O9agzANzaiLjclA0oYzUXEM4PurhSUChw=="],
  }
}
